
Microsoft Visual Studio Solution File, Format Version 12.00
# Visual Studio 2015
Project("{FAE04EC0-301F-11D3-BF4B-00C04F79EFBC}") = "lab1_2.CSharp", "lab1_2.CSharp.csproj", "{6FB1F7F0-1277-8A67-4CC5-EEDCE3EB53CD}"
EndProject
Global
	GlobalSection(SolutionConfigurationPlatforms) = preSolution
		Debug|Any CPU = Debug|Any CPU
		Release|Any CPU = Release|Any CPU
	EndGlobalSection
	GlobalSection(ProjectConfigurationPlatforms) = postSolution
		{6FB1F7F0-1277-8A67-4CC5-EEDCE3EB53CD}.Debug|Any CPU.ActiveCfg = Debug|Any CPU
		{6FB1F7F0-1277-8A67-4CC5-EEDCE3EB53CD}.Debug|Any CPU.Build.0 = Debug|Any CPU
		{6FB1F7F0-1277-8A67-4CC5-EEDCE3EB53CD}.Release|Any CPU.ActiveCfg = Release|Any CPU
		{6FB1F7F0-1277-8A67-4CC5-EEDCE3EB53CD}.Release|Any CPU.Build.0 = Release|Any CPU
	EndGlobalSection
	GlobalSection(SolutionProperties) = preSolution
		HideSolutionNode = FALSE
	EndGlobalSection
EndGlobal
